<?xml version="1.0" encoding="utf-8"?>
<Project ToolsVersion="4.0" xmlns="http://schemas.microsoft.com/developer/msbuild/2003">
  <ItemGroup>
    <Filter Include="Source Files">
      <UniqueIdentifier>{243aab36-0c16-41f0-b559-3f48edf89630}</UniqueIdentifier>
      <Extensions>cpp;c;cxx;rc;def;r;odl;idl;hpj;bat</Extensions>
    </Filter>
    <Filter Include="Header Files">
      <UniqueIdentifier>{cc0fe2cb-9949-4947-b6cd-f5bc2ef6273f}</UniqueIdentifier>
      <Extensions>h;hpp;hxx;hm;inl</Extensions>
    </Filter>
    <Filter Include="Resource Files">
      <UniqueIdentifier>{caf3a4ad-6342-48a6-8b2a-666a3bb3f76b}</UniqueIdentifier>
      <Extensions>ico;cur;bmp;dlg;rc2;rct;bin;cnt;rtf;gif;jpg;jpeg;jpe</Extensions>
    </Filter>
  </ItemGroup>
  <ItemGroup>
    <ClCompile Include="Actor.cpp">
      <Filter>Source Files</Filter>
    </ClCompile>
    <ClCompile Include="Average.cpp">
      <Filter>Source Files</Filter>
    </ClCompile>
    <ClCompile Include="AverageGUI.cpp">
      <Filter>Source Files</Filter>
    </ClCompile>
    <ClCompile Include="AxesDlg.cpp">
      <Filter>Source Files</Filter>
    </ClCompile>
    <ClCompile Include="CleanTriangulate.cpp">
      <Filter>Source Files</Filter>
    </ClCompile>
    <ClCompile Include="ClipDlg.cpp">
      <Filter>Source Files</Filter>
    </ClCompile>
    <ClCompile Include="ClipPolyData.cpp">
      <Filter>Source Files</Filter>
    </ClCompile>
    <ClCompile Include="Color.cpp">
      <Filter>Source Files</Filter>
    </ClCompile>
    <ClCompile Include="ColorEditBox.cpp">
      <Filter>Source Files</Filter>
    </ClCompile>
    <ClCompile Include="ColorGrid.cpp">
      <Filter>Source Files</Filter>
    </ClCompile>
    <ClCompile Include="ColorLevelDlg.cpp">
      <Filter>Source Files</Filter>
    </ClCompile>
    <ClCompile Include="ColorPage.cpp">
      <Filter>Source Files</Filter>
    </ClCompile>
    <ClCompile Include="ColorRow.cpp">
      <Filter>Source Files</Filter>
    </ClCompile>
    <ClCompile Include="ColorSpectrum.cpp">
      <Filter>Source Files</Filter>
    </ClCompile>
    <ClCompile Include="ColorSpectrumDlg.cpp">
      <Filter>Source Files</Filter>
    </ClCompile>
    <ClCompile Include="ColorTable.cpp">
      <Filter>Source Files</Filter>
    </ClCompile>
    <ClCompile Include="DecimateSmoothGUI.cpp">
      <Filter>Source Files</Filter>
    </ClCompile>
    <ClCompile Include="DecimateSmoothNormals.cpp">
      <Filter>Source Files</Filter>
    </ClCompile>
    <ClCompile Include="FilesExist.cpp">
      <Filter>Source Files</Filter>
    </ClCompile>
    <ClCompile Include="font.cpp">
      <Filter>Source Files</Filter>
    </ClCompile>
    <ClCompile Include="GE.cpp">
      <Filter>Source Files</Filter>
    </ClCompile>
    <ClCompile Include="Geometry.cpp">
      <Filter>Source Files</Filter>
    </ClCompile>
    <ClCompile Include="GeospatialModel.cpp">
      <Filter>Source Files</Filter>
    </ClCompile>
    <ClCompile Include="GeospatialModelAverageGrid.cpp">
      <Filter>Source Files</Filter>
    </ClCompile>
    <ClCompile Include="GeospatialModelAverageGridRelaxationFactorEditBox.cpp">
      <Filter>Source Files</Filter>
    </ClCompile>
    <ClCompile Include="GeospatialModelAverageGridTargetReductionEditBox.cpp">
      <Filter>Source Files</Filter>
    </ClCompile>
    <ClCompile Include="GeospatialModelAveragePage.cpp">
      <Filter>Source Files</Filter>
    </ClCompile>
    <ClCompile Include="GeoSpatialModelForLayer.cpp">
      <Filter>Source Files</Filter>
    </ClCompile>
    <ClCompile Include="GeospatialModelForLayerGUI.cpp">
      <Filter>Source Files</Filter>
    </ClCompile>
    <ClCompile Include="GeospatialModelGeneralGrid.cpp">
      <Filter>Source Files</Filter>
    </ClCompile>
    <ClCompile Include="GeospatialModelGeneralGridOpacityEditBox.cpp">
      <Filter>Source Files</Filter>
    </ClCompile>
    <ClCompile Include="GeospatialModelGeneralPage.cpp">
      <Filter>Source Files</Filter>
    </ClCompile>
    <ClCompile Include="GeospatialModelSheet.cpp">
      <Filter>Source Files</Filter>
    </ClCompile>
    <ClCompile Include="GeospatialModelVisibleGrid.cpp">
      <Filter>Source Files</Filter>
    </ClCompile>
    <ClCompile Include="GeospatialModelVisiblePage.cpp">
      <Filter>Source Files</Filter>
    </ClCompile>
    <ClCompile Include="HexahedronTopology.cpp">
      <Filter>Source Files</Filter>
    </ClCompile>
    <ClCompile Include="HydraulicComponent.cpp">
      <Filter>Source Files</Filter>
    </ClCompile>
    <ClCompile Include="HydraulicComponentGUI.cpp">
      <Filter>Source Files</Filter>
    </ClCompile>
    <ClCompile Include="HydraulicComponents.cpp">
      <Filter>Source Files</Filter>
    </ClCompile>
    <ClCompile Include="HydraulicComponentsAveragePage.cpp">
      <Filter>Source Files</Filter>
    </ClCompile>
    <ClCompile Include="HydraulicComponentsGeneralGrid.cpp">
      <Filter>Source Files</Filter>
    </ClCompile>
    <ClCompile Include="HydraulicComponentsGeneralPage.cpp">
      <Filter>Source Files</Filter>
    </ClCompile>
    <ClCompile Include="HydraulicComponentsGeneralPageTD.cpp">
      <Filter>Source Files</Filter>
    </ClCompile>
    <ClCompile Include="HydraulicComponentsSheet.cpp">
      <Filter>Source Files</Filter>
    </ClCompile>
    <ClCompile Include="HydraulicTDComponents.cpp">
      <Filter>Source Files</Filter>
    </ClCompile>
    <ClCompile Include="HydraulicTIComponents.cpp">
      <Filter>Source Files</Filter>
    </ClCompile>
    <ClCompile Include="Indexes.cpp">
      <Filter>Source Files</Filter>
    </ClCompile>
    <ClCompile Include="IterationsEditBox.cpp">
      <Filter>Source Files</Filter>
    </ClCompile>
    <ClCompile Include="LookUpTable.cpp">
      <Filter>Source Files</Filter>
    </ClCompile>
    <ClCompile Include="MainFrm.cpp">
      <Filter>Source Files</Filter>
    </ClCompile>
    <ClCompile Include="Mapper.cpp">
      <Filter>Source Files</Filter>
    </ClCompile>
    <ClCompile Include="MenuButton.cpp">
      <Filter>Source Files</Filter>
    </ClCompile>
    <ClCompile Include="Model.cpp">
      <Filter>Source Files</Filter>
    </ClCompile>
    <ClCompile Include="ModelOutline.cpp">
      <Filter>Source Files</Filter>
    </ClCompile>
    <ClCompile Include="ModelOutlineGeneralPage.cpp">
      <Filter>Source Files</Filter>
    </ClCompile>
    <ClCompile Include="ModelOutlineSheet.cpp">
      <Filter>Source Files</Filter>
    </ClCompile>
    <ClCompile Include="msflexgrid.cpp">
      <Filter>Source Files</Filter>
    </ClCompile>
    <ClCompile Include="MT3DMS.cpp">
      <Filter>Source Files</Filter>
    </ClCompile>
    <ClCompile Include="MT3DMSContourAndColorAddDlg.cpp">
      <Filter>Source Files</Filter>
    </ClCompile>
    <ClCompile Include="MT3DMSContourAndColorEditBox.cpp">
      <Filter>Source Files</Filter>
    </ClCompile>
    <ClCompile Include="MT3DMSContourAndColorGrid.cpp">
      <Filter>Source Files</Filter>
    </ClCompile>
    <ClCompile Include="MT3DMSContourAndColorPage.cpp">
      <Filter>Source Files</Filter>
    </ClCompile>
    <ClCompile Include="MT3DMSContourAndColorRow.cpp">
      <Filter>Source Files</Filter>
    </ClCompile>
    <ClCompile Include="MT3DMSContourAndColorTable.cpp">
      <Filter>Source Files</Filter>
    </ClCompile>
    <ClCompile Include="MT3DMSGeneralPage.cpp">
      <Filter>Source Files</Filter>
    </ClCompile>
    <ClCompile Include="MT3DMSGUI.cpp">
      <Filter>Source Files</Filter>
    </ClCompile>
    <ClCompile Include="MT3DMSLookupTable.cpp">
      <Filter>Source Files</Filter>
    </ClCompile>
    <ClCompile Include="MT3DMSSheet.cpp">
      <Filter>Source Files</Filter>
    </ClCompile>
    <ClCompile Include="MT3DMSTopology.cpp">
      <Filter>Source Files</Filter>
    </ClCompile>
    <ClCompile Include="ObjectList.cpp">
      <Filter>Source Files</Filter>
    </ClCompile>
    <ClCompile Include="Parameter.cpp">
      <Filter>Source Files</Filter>
    </ClCompile>
    <ClCompile Include="ParameterAveragePage.cpp">
      <Filter>Source Files</Filter>
    </ClCompile>
    <ClCompile Include="ParameterGeneralGrid.cpp">
      <Filter>Source Files</Filter>
    </ClCompile>
    <ClCompile Include="ParameterGeneralPage.cpp">
      <Filter>Source Files</Filter>
    </ClCompile>
    <ClCompile Include="ParameterGUI.cpp">
      <Filter>Source Files</Filter>
    </ClCompile>
    <ClCompile Include="ParameterSheet.cpp">
      <Filter>Source Files</Filter>
    </ClCompile>
    <ClCompile Include="picture.cpp">
      <Filter>Source Files</Filter>
    </ClCompile>
    <ClCompile Include="PolyData.cpp">
      <Filter>Source Files</Filter>
    </ClCompile>
    <ClCompile Include="PotentiometricSurface.cpp">
      <Filter>Source Files</Filter>
    </ClCompile>
    <ClCompile Include="PotentiometricSurfaceGeneralPage.cpp">
      <Filter>Source Files</Filter>
    </ClCompile>
    <ClCompile Include="PotentiometricSurfaceGUI.cpp">
      <Filter>Source Files</Filter>
    </ClCompile>
    <ClCompile Include="PotentiometricSurfaceSheet.cpp">
      <Filter>Source Files</Filter>
    </ClCompile>
    <ClCompile Include="QuadIndexes.cpp">
      <Filter>Source Files</Filter>
    </ClCompile>
    <ClCompile Include="ReadFile.cpp">
      <Filter>Source Files</Filter>
    </ClCompile>
    <ClCompile Include="RelaxationFactorEditBox.cpp">
      <Filter>Source Files</Filter>
    </ClCompile>
    <ClCompile Include="rowcursor.cpp">
      <Filter>Source Files</Filter>
    </ClCompile>
    <ClCompile Include="ScaleDlg.cpp">
      <Filter>Source Files</Filter>
    </ClCompile>
    <ClCompile Include="SidesQuadTopology.cpp">
      <Filter>Source Files</Filter>
    </ClCompile>
    <ClCompile Include="Splash.cpp">
      <Filter>Source Files</Filter>
    </ClCompile>
    <ClCompile Include="StdAfx.cpp">
      <Filter>Source Files</Filter>
    </ClCompile>
    <ClCompile Include="StressPeriod.cpp">
      <Filter>Source Files</Filter>
    </ClCompile>
    <ClCompile Include="TimeAndLayerParameter.cpp">
      <Filter>Source Files</Filter>
    </ClCompile>
    <ClCompile Include="TimeStep.cpp">
      <Filter>Source Files</Filter>
    </ClCompile>
    <ClCompile Include="TopQuadTopology.cpp">
      <Filter>Source Files</Filter>
    </ClCompile>
    <ClCompile Include="Visualization.cpp">
      <Filter>Source Files</Filter>
    </ClCompile>
    <ClCompile Include="VisualizationObject.cpp">
      <Filter>Source Files</Filter>
    </ClCompile>
    <ClCompile Include="VisualizeDlg.cpp">
      <Filter>Source Files</Filter>
    </ClCompile>
    <ClCompile Include="VisualizeGrid.cpp">
      <Filter>Source Files</Filter>
    </ClCompile>
    <ClCompile Include="vtkDoc.cpp">
      <Filter>Source Files</Filter>
    </ClCompile>
    <ClCompile Include="vtkView.cpp">
      <Filter>Source Files</Filter>
    </ClCompile>
    <ClCompile Include="XYZCoordinate.cpp">
      <Filter>Source Files</Filter>
    </ClCompile>
    <ClCompile Include="XYZSurface.cpp">
      <Filter>Source Files</Filter>
    </ClCompile>
    <ClCompile Include="XYZSurfaceDecSmoothPage.cpp">
      <Filter>Source Files</Filter>
    </ClCompile>
    <ClCompile Include="XYZSurfaceGeneralPage.cpp">
      <Filter>Source Files</Filter>
    </ClCompile>
    <ClCompile Include="XYZSurfaceGeometryAndTopology.cpp">
      <Filter>Source Files</Filter>
    </ClCompile>
    <ClCompile Include="XYZSurfaceGUI.cpp">
      <Filter>Source Files</Filter>
    </ClCompile>
    <ClCompile Include="XYZSurfaceSheet.cpp">
      <Filter>Source Files</Filter>
    </ClCompile>
    <ClCompile Include="PotentiometricSurfaceAveragePage.cpp">
      <Filter>Header Files</Filter>
    </ClCompile>
  </ItemGroup>
  <ItemGroup>
    <ResourceCompile Include="GE.rc">
      <Filter>Source Files</Filter>
    </ResourceCompile>
  </ItemGroup>
  <ItemGroup>
    <ClInclude Include="Actor.h">
      <Filter>Header Files</Filter>
    </ClInclude>
    <ClInclude Include="Average.h">
      <Filter>Header Files</Filter>
    </ClInclude>
    <ClInclude Include="AverageGUI.h">
      <Filter>Header Files</Filter>
    </ClInclude>
    <ClInclude Include="AxesDlg.h">
      <Filter>Header Files</Filter>
    </ClInclude>
    <ClInclude Include="CleanTriangulate.h">
      <Filter>Header Files</Filter>
    </ClInclude>
    <ClInclude Include="ClipDlg.h">
      <Filter>Header Files</Filter>
    </ClInclude>
    <ClInclude Include="ClipPolyData.h">
      <Filter>Header Files</Filter>
    </ClInclude>
    <ClInclude Include="Color.h">
      <Filter>Header Files</Filter>
    </ClInclude>
    <ClInclude Include="ColorEditBox.h">
      <Filter>Header Files</Filter>
    </ClInclude>
    <ClInclude Include="ColorGrid.h">
      <Filter>Header Files</Filter>
    </ClInclude>
    <ClInclude Include="ColorLevelDlg.h">
      <Filter>Header Files</Filter>
    </ClInclude>
    <ClInclude Include="ColorPage.h">
      <Filter>Header Files</Filter>
    </ClInclude>
    <ClInclude Include="ColorRow.h">
      <Filter>Header Files</Filter>
    </ClInclude>
    <ClInclude Include="ColorSpectrum.h">
      <Filter>Header Files</Filter>
    </ClInclude>
    <ClInclude Include="ColorSpectrumDlg.h">
      <Filter>Header Files</Filter>
    </ClInclude>
    <ClInclude Include="ColorTable.h">
      <Filter>Header Files</Filter>
    </ClInclude>
    <ClInclude Include="DecimateSmoothGUI.h">
      <Filter>Header Files</Filter>
    </ClInclude>
    <ClInclude Include="DecimateSmoothNormals.h">
      <Filter>Header Files</Filter>
    </ClInclude>
    <ClInclude Include="FilesExist.h">
      <Filter>Header Files</Filter>
    </ClInclude>
    <ClInclude Include="font.h">
      <Filter>Header Files</Filter>
    </ClInclude>
    <ClInclude Include="GE.h">
      <Filter>Header Files</Filter>
    </ClInclude>
    <ClInclude Include="Geometry.h">
      <Filter>Header Files</Filter>
    </ClInclude>
    <ClInclude Include="GeoSpatialModel.h">
      <Filter>Header Files</Filter>
    </ClInclude>
    <ClInclude Include="GeospatialModelAverageGrid.h">
      <Filter>Header Files</Filter>
    </ClInclude>
    <ClInclude Include="GeospatialModelAverageGridRelaxationFactorEditBox.h">
      <Filter>Header Files</Filter>
    </ClInclude>
    <ClInclude Include="GeospatialModelAverageGridTargetReductionEditBox.h">
      <Filter>Header Files</Filter>
    </ClInclude>
    <ClInclude Include="GeospatialModelAveragePage.h">
      <Filter>Header Files</Filter>
    </ClInclude>
    <ClInclude Include="GeoSpatialModelForLayer.h">
      <Filter>Header Files</Filter>
    </ClInclude>
    <ClInclude Include="GeospatialModelForLayerGUI.h">
      <Filter>Header Files</Filter>
    </ClInclude>
    <ClInclude Include="GeospatialModelGeneralGrid.h">
      <Filter>Header Files</Filter>
    </ClInclude>
    <ClInclude Include="GeospatialModelGeneralGridOpacityEditBox.h">
      <Filter>Header Files</Filter>
    </ClInclude>
    <ClInclude Include="GeospatialModelGeneralPage.h">
      <Filter>Header Files</Filter>
    </ClInclude>
    <ClInclude Include="GeospatialModelSheet.h">
      <Filter>Header Files</Filter>
    </ClInclude>
    <ClInclude Include="GeospatialModelVisibleGrid.h">
      <Filter>Header Files</Filter>
    </ClInclude>
    <ClInclude Include="GeospatialModelVisiblePage.h">
      <Filter>Header Files</Filter>
    </ClInclude>
    <ClInclude Include="HexahedronTopology.h">
      <Filter>Header Files</Filter>
    </ClInclude>
    <ClInclude Include="HydraulicComponent.h">
      <Filter>Header Files</Filter>
    </ClInclude>
    <ClInclude Include="HydraulicComponentGUI.h">
      <Filter>Header Files</Filter>
    </ClInclude>
    <ClInclude Include="HydraulicComponents.h">
      <Filter>Header Files</Filter>
    </ClInclude>
    <ClInclude Include="HydraulicComponentsAveragePage.h">
      <Filter>Header Files</Filter>
    </ClInclude>
    <ClInclude Include="HydraulicComponentsGeneralGrid.h">
      <Filter>Header Files</Filter>
    </ClInclude>
    <ClInclude Include="HydraulicComponentsGeneralPage.h">
      <Filter>Header Files</Filter>
    </ClInclude>
    <ClInclude Include="HydraulicComponentsGeneralPageTD.h">
      <Filter>Header Files</Filter>
    </ClInclude>
    <ClInclude Include="HydraulicComponentsSheet.h">
      <Filter>Header Files</Filter>
    </ClInclude>
    <ClInclude Include="HydraulicTDComponents.h">
      <Filter>Header Files</Filter>
    </ClInclude>
    <ClInclude Include="HydraulicTIComponents.h">
      <Filter>Header Files</Filter>
    </ClInclude>
    <ClInclude Include="Indexes.h">
      <Filter>Header Files</Filter>
    </ClInclude>
    <ClInclude Include="IterationsEditBox.h">
      <Filter>Header Files</Filter>
    </ClInclude>
    <ClInclude Include="LookUpTable.h">
      <Filter>Header Files</Filter>
    </ClInclude>
    <ClInclude Include="MainFrm.h">
      <Filter>Header Files</Filter>
    </ClInclude>
    <ClInclude Include="Mapper.h">
      <Filter>Header Files</Filter>
    </ClInclude>
    <ClInclude Include="MenuButton.h">
      <Filter>Header Files</Filter>
    </ClInclude>
    <ClInclude Include="Model.h">
      <Filter>Header Files</Filter>
    </ClInclude>
    <ClInclude Include="ModelOutline.h">
      <Filter>Header Files</Filter>
    </ClInclude>
    <ClInclude Include="ModelOutlineGeneralPage.h">
      <Filter>Header Files</Filter>
    </ClInclude>
    <ClInclude Include="ModelOutlineSheet.h">
      <Filter>Header Files</Filter>
    </ClInclude>
    <ClInclude Include="msflexgrid.h">
      <Filter>Header Files</Filter>
    </ClInclude>
    <ClInclude Include="MT3DMS.h">
      <Filter>Header Files</Filter>
    </ClInclude>
    <ClInclude Include="MT3DMSContourAndColorAddDlg.h">
      <Filter>Header Files</Filter>
    </ClInclude>
    <ClInclude Include="MT3DMSContourAndColorEditBox.h">
      <Filter>Header Files</Filter>
    </ClInclude>
    <ClInclude Include="MT3DMSContourAndColorGrid.h">
      <Filter>Header Files</Filter>
    </ClInclude>
    <ClInclude Include="MT3DMSContourAndColorPage.h">
      <Filter>Header Files</Filter>
    </ClInclude>
    <ClInclude Include="MT3DMSContourAndColorRow.h">
      <Filter>Header Files</Filter>
    </ClInclude>
    <ClInclude Include="MT3DMSContourAndColorTable.h">
      <Filter>Header Files</Filter>
    </ClInclude>
    <ClInclude Include="MT3DMSGeneralPage.h">
      <Filter>Header Files</Filter>
    </ClInclude>
    <ClInclude Include="MT3DMSGUI.h">
      <Filter>Header Files</Filter>
    </ClInclude>
    <ClInclude Include="MT3DMSLookupTable.h">
      <Filter>Header Files</Filter>
    </ClInclude>
    <ClInclude Include="MT3DMSSheet.h">
      <Filter>Header Files</Filter>
    </ClInclude>
    <ClInclude Include="MT3DMSTopology.h">
      <Filter>Header Files</Filter>
    </ClInclude>
    <ClInclude Include="ObjectList.h">
      <Filter>Header Files</Filter>
    </ClInclude>
    <ClInclude Include="Parameter.h">
      <Filter>Header Files</Filter>
    </ClInclude>
    <ClInclude Include="ParameterAveragePage.h">
      <Filter>Header Files</Filter>
    </ClInclude>
    <ClInclude Include="ParameterGeneralGrid.h">
      <Filter>Header Files</Filter>
    </ClInclude>
    <ClInclude Include="ParameterGeneralPage.h">
      <Filter>Header Files</Filter>
    </ClInclude>
    <ClInclude Include="ParameterGUI.h">
      <Filter>Header Files</Filter>
    </ClInclude>
    <ClInclude Include="ParameterSheet.h">
      <Filter>Header Files</Filter>
    </ClInclude>
    <ClInclude Include="picture.h">
      <Filter>Header Files</Filter>
    </ClInclude>
    <ClInclude Include="PolyData.h">
      <Filter>Header Files</Filter>
    </ClInclude>
    <ClInclude Include="PotentiometricSurface.h">
      <Filter>Header Files</Filter>
    </ClInclude>
    <ClInclude Include="PotentiometricSurfaceAveragePage.h">
      <Filter>Header Files</Filter>
    </ClInclude>
    <ClInclude Include="PotentiometricSurfaceGeneralPage.h">
      <Filter>Header Files</Filter>
    </ClInclude>
    <ClInclude Include="PotentiometricSurfaceGUI.h">
      <Filter>Header Files</Filter>
    </ClInclude>
    <ClInclude Include="PotentiometricSurfaceSheet.h">
      <Filter>Header Files</Filter>
    </ClInclude>
    <ClInclude Include="QuadIndexes.h">
      <Filter>Header Files</Filter>
    </ClInclude>
    <ClInclude Include="ReadFile.h">
      <Filter>Header Files</Filter>
    </ClInclude>
    <ClInclude Include="RelaxationFactorEditBox.h">
      <Filter>Header Files</Filter>
    </ClInclude>
    <ClInclude Include="Resource.h">
      <Filter>Header Files</Filter>
    </ClInclude>
    <ClInclude Include="rowcursor.h">
      <Filter>Header Files</Filter>
    </ClInclude>
    <ClInclude Include="ScaleDlg.h">
      <Filter>Header Files</Filter>
    </ClInclude>
    <ClInclude Include="SidesQuadTopology.h">
      <Filter>Header Files</Filter>
    </ClInclude>
    <ClInclude Include="Splash.h">
      <Filter>Header Files</Filter>
    </ClInclude>
    <ClInclude Include="StdAfx.h">
      <Filter>Header Files</Filter>
    </ClInclude>
    <ClInclude Include="StressPeriod.h">
      <Filter>Header Files</Filter>
    </ClInclude>
    <ClInclude Include="TimeAndLayerParameter.h">
      <Filter>Header Files</Filter>
    </ClInclude>
    <ClInclude Include="TimeStep.h">
      <Filter>Header Files</Filter>
    </ClInclude>
    <ClInclude Include="TopQuadTopology.h">
      <Filter>Header Files</Filter>
    </ClInclude>
    <ClInclude Include="Visualization.h">
      <Filter>Header Files</Filter>
    </ClInclude>
    <ClInclude Include="VisualizationObject.h">
      <Filter>Header Files</Filter>
    </ClInclude>
    <ClInclude Include="VisualizeDlg.h">
      <Filter>Header Files</Filter>
    </ClInclude>
    <ClInclude Include="VisualizeGrid.h">
      <Filter>Header Files</Filter>
    </ClInclude>
    <ClInclude Include="vtkDoc.h">
      <Filter>Header Files</Filter>
    </ClInclude>
    <ClInclude Include="vtkView.h">
      <Filter>Header Files</Filter>
    </ClInclude>
    <ClInclude Include="XYZCoordinate.h">
      <Filter>Header Files</Filter>
    </ClInclude>
    <ClInclude Include="XYZSurface.h">
      <Filter>Header Files</Filter>
    </ClInclude>
    <ClInclude Include="XYZSurfaceDecSmoothPage.h">
      <Filter>Header Files</Filter>
    </ClInclude>
    <ClInclude Include="XYZSurfaceGeneralPage.h">
      <Filter>Header Files</Filter>
    </ClInclude>
    <ClInclude Include="XYZSurfaceGeometryAndTopology.h">
      <Filter>Header Files</Filter>
    </ClInclude>
    <ClInclude Include="XYZSurfaceGUI.h">
      <Filter>Header Files</Filter>
    </ClInclude>
    <ClInclude Include="XYZSurfaceSheet.h">
      <Filter>Header Files</Filter>
    </ClInclude>
  </ItemGroup>
  <ItemGroup>
    <Image Include="res\bitmap1.bmp">
      <Filter>Resource Files</Filter>
    </Image>
    <Image Include="res\bmp00001.bmp">
      <Filter>Resource Files</Filter>
    </Image>
    <Image Include="res\bmp00002.bmp">
      <Filter>Resource Files</Filter>
    </Image>
    <Image Include="res\bmp00003.bmp">
      <Filter>Resource Files</Filter>
    </Image>
    <Image Include="res\bmpCHECK.bmp">
      <Filter>Resource Files</Filter>
    </Image>
    <Image Include="res\CHECK.bmp">
      <Filter>Resource Files</Filter>
    </Image>
    <Image Include="res\GE.ico">
      <Filter>Resource Files</Filter>
    </Image>
    <Image Include="res\GE2000.ico">
      <Filter>Resource Files</Filter>
    </Image>
    <Image Include="res\GEDoc.ico">
      <Filter>Resource Files</Filter>
    </Image>
    <Image Include="res\ICON.ico">
      <Filter>Resource Files</Filter>
    </Image>
    <Image Include="res\icon1.ico">
      <Filter>Resource Files</Filter>
    </Image>
    <Image Include="res\icon_che.ico">
      <Filter>Resource Files</Filter>
    </Image>
    <Image Include="res\idr_main.ico">
      <Filter>Resource Files</Filter>
    </Image>
    <Image Include="res\mainfram.bmp">
      <Filter>Resource Files</Filter>
    </Image>
    <Image Include="res\SELECT.bmp">
      <Filter>Resource Files</Filter>
    </Image>
    <Image Include="res\Splash.bmp">
      <Filter>Resource Files</Filter>
    </Image>
    <Image Include="Splsh16.bmp">
      <Filter>Resource Files</Filter>
    </Image>
    <Image Include="res\Toolbar.bmp">
      <Filter>Resource Files</Filter>
    </Image>
    <Image Include="res\toolbar1.bmp">
      <Filter>Resource Files</Filter>
    </Image>
    <Image Include="res\UNCHECK.bmp">
      <Filter>Resource Files</Filter>
    </Image>
    <Image Include="res\UNCHECK.ico">
      <Filter>Resource Files</Filter>
    </Image>
    <Image Include="res\UNSELECT.bmp">
      <Filter>Resource Files</Filter>
    </Image>
  </ItemGroup>
  <ItemGroup>
    <Text Include="ReadMe.txt" />
  </ItemGroup>
  <ItemGroup>
    <Library Include="READFOR.lib" />
  </ItemGroup>
  <ItemGroup>
    <CustomBuild Include="res\GE.rc2">
      <Filter>Resource Files</Filter>
    </CustomBuild>
  </ItemGroup>
</Project>